// !$*UTF8*$!
{
	archiveVersion = 1;
	classes = {
	};
	objectVersion = 51;
	objects = {

/* Begin PBXBuildFile section */
		0FD38A14D4DD387340794918 /* Pods_STUTests.framework in Frameworks */ = {isa = PBXBuildFile; fileRef = AB209E5D5F46D74BF97DD9AE /* Pods_STUTests.framework */; };
		39718EE72443F3DD002CEE3C /* AppDelegate.swift in Sources */ = {isa = PBXBuildFile; fileRef = 39718EE62443F3DD002CEE3C /* AppDelegate.swift */; };
		39718EE92443F3DD002CEE3C /* SceneDelegate.swift in Sources */ = {isa = PBXBuildFile; fileRef = 39718EE82443F3DD002CEE3C /* SceneDelegate.swift */; };
		39718EEC2443F3DD002CEE3C /* STU.xcdatamodeld in Sources */ = {isa = PBXBuildFile; fileRef = 39718EEA2443F3DD002CEE3C /* STU.xcdatamodeld */; };
		39718EEE2443F3DD002CEE3C /* ContentView.swift in Sources */ = {isa = PBXBuildFile; fileRef = 39718EED2443F3DD002CEE3C /* ContentView.swift */; };
		39718EF02443F3EF002CEE3C /* Assets.xcassets in Resources */ = {isa = PBXBuildFile; fileRef = 39718EEF2443F3EF002CEE3C /* Assets.xcassets */; };
		39718EF32443F3EF002CEE3C /* Preview Assets.xcassets in Resources */ = {isa = PBXBuildFile; fileRef = 39718EF22443F3EF002CEE3C /* Preview Assets.xcassets */; };
		39718EF62443F3EF002CEE3C /* LaunchScreen.storyboard in Resources */ = {isa = PBXBuildFile; fileRef = 39718EF42443F3EF002CEE3C /* LaunchScreen.storyboard */; };
		39718F012443F3F0002CEE3C /* STUTests.swift in Sources */ = {isa = PBXBuildFile; fileRef = 39718F002443F3F0002CEE3C /* STUTests.swift */; };
		39718F0C2443F3F0002CEE3C /* STUUITests.swift in Sources */ = {isa = PBXBuildFile; fileRef = 39718F0B2443F3F0002CEE3C /* STUUITests.swift */; };
		3DC6984EA3FB54923F7BD0F7 /* Pods_STUBase_STUCore.framework in Frameworks */ = {isa = PBXBuildFile; fileRef = D8643BD43DE30DAFCA0237AA /* Pods_STUBase_STUCore.framework */; };
		4A06309CBFAD34791003CA89 /* Pods_STUUITests.framework in Frameworks */ = {isa = PBXBuildFile; fileRef = 426B657414B653E2C4C6AEB4 /* Pods_STUUITests.framework */; };
		524A5F7F246145DA00F8912E /* Graph.xcdatamodeld in Sources */ = {isa = PBXBuildFile; fileRef = 524A5F7D246145DA00F8912E /* Graph.xcdatamodeld */; };
		524A5F8224614E4E00F8912E /* CoreDataGraphSpec.swift in Sources */ = {isa = PBXBuildFile; fileRef = 5294B10D2461139F00B82B8C /* CoreDataGraphSpec.swift */; };
		524A5F842468896D00F8912E /* GraphBehavior.swift in Sources */ = {isa = PBXBuildFile; fileRef = 524A5F832468896D00F8912E /* GraphBehavior.swift */; };
		525E226E2454F647006C0711 /* STUCore.framework in Frameworks */ = {isa = PBXBuildFile; fileRef = 525E22652454F647006C0711 /* STUCore.framework */; };
		525E22752454F647006C0711 /* STUCore.h in Headers */ = {isa = PBXBuildFile; fileRef = 525E22672454F647006C0711 /* STUCore.h */; settings = {ATTRIBUTES = (Public, ); }; };
		525E227E2454F83D006C0711 /* ModelProtocols.swift in Sources */ = {isa = PBXBuildFile; fileRef = 525E227D2454F83D006C0711 /* ModelProtocols.swift */; };
		5294B1032461022500B82B8C /* Log.swift in Sources */ = {isa = PBXBuildFile; fileRef = 5294B1022461022500B82B8C /* Log.swift */; };
		5294B111246121ED00B82B8C /* GraphDatabase.swift in Sources */ = {isa = PBXBuildFile; fileRef = 5294B110246121ED00B82B8C /* GraphDatabase.swift */; };
		5294B1132461237E00B82B8C /* CoreDataGraphDatabase.swift in Sources */ = {isa = PBXBuildFile; fileRef = 5294B1122461237E00B82B8C /* CoreDataGraphDatabase.swift */; };
		5294B1152461280700B82B8C /* StoredGraph.swift in Sources */ = {isa = PBXBuildFile; fileRef = 5294B1142461280700B82B8C /* StoredGraph.swift */; };
		52B7CFC4246B8F5A002B18D0 /* CoreData.framework in Frameworks */ = {isa = PBXBuildFile; fileRef = 5294B0FF245F758400B82B8C /* CoreData.framework */; };
		52C4A8442454FF89000CDA6B /* STUCore.framework in Frameworks */ = {isa = PBXBuildFile; fileRef = 525E22652454F647006C0711 /* STUCore.framework */; };
		52C4A8452454FF89000CDA6B /* STUCore.framework in Embed Frameworks */ = {isa = PBXBuildFile; fileRef = 525E22652454F647006C0711 /* STUCore.framework */; settings = {ATTRIBUTES = (CodeSignOnCopy, RemoveHeadersOnCopy, ); }; };
		52C4A84B2456351A000CDA6B /* WeightedVertex.swift in Sources */ = {isa = PBXBuildFile; fileRef = 52C4A84A2456351A000CDA6B /* WeightedVertex.swift */; };
		52C4A84D245635F3000CDA6B /* ValueEdge.swift in Sources */ = {isa = PBXBuildFile; fileRef = 52C4A84C245635F3000CDA6B /* ValueEdge.swift */; };
		52C4A84F24563933000CDA6B /* GraphProtocols.swift in Sources */ = {isa = PBXBuildFile; fileRef = 52C4A84E24563933000CDA6B /* GraphProtocols.swift */; };
		52C4A85124563BF3000CDA6B /* MemoryGraph.swift in Sources */ = {isa = PBXBuildFile; fileRef = 52C4A85024563BF3000CDA6B /* MemoryGraph.swift */; };
		52FF0C2F245685C90037F3B2 /* CacheGraph.swift in Sources */ = {isa = PBXBuildFile; fileRef = 52FF0C2E245685C90037F3B2 /* CacheGraph.swift */; };
		52FF0C31245688FB0037F3B2 /* Functional.swift in Sources */ = {isa = PBXBuildFile; fileRef = 52FF0C30245688FB0037F3B2 /* Functional.swift */; };
		52FF0C33245690480037F3B2 /* MemoryGraphTests.swift in Sources */ = {isa = PBXBuildFile; fileRef = 52FF0C32245690480037F3B2 /* MemoryGraphTests.swift */; };
		52FF0C3724569B150037F3B2 /* CacheGraphSpec.swift in Sources */ = {isa = PBXBuildFile; fileRef = 52FF0C3624569B150037F3B2 /* CacheGraphSpec.swift */; };
		52FF0C392456A2110037F3B2 /* KeyPathEqualitySpec.swift in Sources */ = {isa = PBXBuildFile; fileRef = 52FF0C382456A2100037F3B2 /* KeyPathEqualitySpec.swift */; };
		D2872EBD1E8B452FB16F6F54 /* Pods_STUCoreTests.framework in Frameworks */ = {isa = PBXBuildFile; fileRef = E2E911475EFC5CED2D9AA7F2 /* Pods_STUCoreTests.framework */; };
		EB989DE7C3ED9B299DAEAAC5 /* Pods_STUBase_STU.framework in Frameworks */ = {isa = PBXBuildFile; fileRef = 0D3DABC6E80483007FA6776C /* Pods_STUBase_STU.framework */; };
/* End PBXBuildFile section */

/* Begin PBXContainerItemProxy section */
		39718EFD2443F3F0002CEE3C /* PBXContainerItemProxy */ = {
			isa = PBXContainerItemProxy;
			containerPortal = 39718EDB2443F3DD002CEE3C /* Project object */;
			proxyType = 1;
			remoteGlobalIDString = 39718EE22443F3DD002CEE3C;
			remoteInfo = STU;
		};
		39718F082443F3F0002CEE3C /* PBXContainerItemProxy */ = {
			isa = PBXContainerItemProxy;
			containerPortal = 39718EDB2443F3DD002CEE3C /* Project object */;
			proxyType = 1;
			remoteGlobalIDString = 39718EE22443F3DD002CEE3C;
			remoteInfo = STU;
		};
		525E226F2454F647006C0711 /* PBXContainerItemProxy */ = {
			isa = PBXContainerItemProxy;
			containerPortal = 39718EDB2443F3DD002CEE3C /* Project object */;
			proxyType = 1;
			remoteGlobalIDString = 525E22642454F647006C0711;
			remoteInfo = STUCore;
		};
		52C4A8462454FF89000CDA6B /* PBXContainerItemProxy */ = {
			isa = PBXContainerItemProxy;
			containerPortal = 39718EDB2443F3DD002CEE3C /* Project object */;
			proxyType = 1;
			remoteGlobalIDString = 525E22642454F647006C0711;
			remoteInfo = STUCore;
		};
/* End PBXContainerItemProxy section */

/* Begin PBXCopyFilesBuildPhase section */
		52C4A8482454FF89000CDA6B /* Embed Frameworks */ = {
			isa = PBXCopyFilesBuildPhase;
			buildActionMask = 2147483647;
			dstPath = "";
			dstSubfolderSpec = 10;
			files = (
				52C4A8452454FF89000CDA6B /* STUCore.framework in Embed Frameworks */,
			);
			name = "Embed Frameworks";
			runOnlyForDeploymentPostprocessing = 0;
		};
/* End PBXCopyFilesBuildPhase section */

/* Begin PBXFileReference section */
		0D3DABC6E80483007FA6776C /* Pods_STUBase_STU.framework */ = {isa = PBXFileReference; explicitFileType = wrapper.framework; includeInIndex = 0; path = Pods_STUBase_STU.framework; sourceTree = BUILT_PRODUCTS_DIR; };
		1626C7366639D4A4370A35BD /* Pods-STUBase-STU-STUUITests.debug.xcconfig */ = {isa = PBXFileReference; includeInIndex = 1; lastKnownFileType = text.xcconfig; name = "Pods-STUBase-STU-STUUITests.debug.xcconfig"; path = "Target Support Files/Pods-STUBase-STU-STUUITests/Pods-STUBase-STU-STUUITests.debug.xcconfig"; sourceTree = "<group>"; };
		1B48E20146FB5E5271563861 /* Pods-STUUITests.release.xcconfig */ = {isa = PBXFileReference; includeInIndex = 1; lastKnownFileType = text.xcconfig; name = "Pods-STUUITests.release.xcconfig"; path = "Target Support Files/Pods-STUUITests/Pods-STUUITests.release.xcconfig"; sourceTree = "<group>"; };
		39718EE32443F3DD002CEE3C /* STU.app */ = {isa = PBXFileReference; explicitFileType = wrapper.application; includeInIndex = 0; path = STU.app; sourceTree = BUILT_PRODUCTS_DIR; };
		39718EE62443F3DD002CEE3C /* AppDelegate.swift */ = {isa = PBXFileReference; lastKnownFileType = sourcecode.swift; path = AppDelegate.swift; sourceTree = "<group>"; };
		39718EE82443F3DD002CEE3C /* SceneDelegate.swift */ = {isa = PBXFileReference; lastKnownFileType = sourcecode.swift; path = SceneDelegate.swift; sourceTree = "<group>"; };
		39718EEB2443F3DD002CEE3C /* STU.xcdatamodel */ = {isa = PBXFileReference; lastKnownFileType = wrapper.xcdatamodel; path = STU.xcdatamodel; sourceTree = "<group>"; };
		39718EED2443F3DD002CEE3C /* ContentView.swift */ = {isa = PBXFileReference; lastKnownFileType = sourcecode.swift; path = ContentView.swift; sourceTree = "<group>"; };
		39718EEF2443F3EF002CEE3C /* Assets.xcassets */ = {isa = PBXFileReference; lastKnownFileType = folder.assetcatalog; path = Assets.xcassets; sourceTree = "<group>"; };
		39718EF22443F3EF002CEE3C /* Preview Assets.xcassets */ = {isa = PBXFileReference; lastKnownFileType = folder.assetcatalog; path = "Preview Assets.xcassets"; sourceTree = "<group>"; };
		39718EF52443F3EF002CEE3C /* Base */ = {isa = PBXFileReference; lastKnownFileType = file.storyboard; name = Base; path = Base.lproj/LaunchScreen.storyboard; sourceTree = "<group>"; };
		39718EF72443F3EF002CEE3C /* Info.plist */ = {isa = PBXFileReference; lastKnownFileType = text.plist.xml; path = Info.plist; sourceTree = "<group>"; };
		39718EFC2443F3F0002CEE3C /* STUTests.xctest */ = {isa = PBXFileReference; explicitFileType = wrapper.cfbundle; includeInIndex = 0; path = STUTests.xctest; sourceTree = BUILT_PRODUCTS_DIR; };
		39718F002443F3F0002CEE3C /* STUTests.swift */ = {isa = PBXFileReference; lastKnownFileType = sourcecode.swift; path = STUTests.swift; sourceTree = "<group>"; };
		39718F022443F3F0002CEE3C /* Info.plist */ = {isa = PBXFileReference; lastKnownFileType = text.plist.xml; path = Info.plist; sourceTree = "<group>"; };
		39718F072443F3F0002CEE3C /* STUUITests.xctest */ = {isa = PBXFileReference; explicitFileType = wrapper.cfbundle; includeInIndex = 0; path = STUUITests.xctest; sourceTree = BUILT_PRODUCTS_DIR; };
		39718F0B2443F3F0002CEE3C /* STUUITests.swift */ = {isa = PBXFileReference; lastKnownFileType = sourcecode.swift; path = STUUITests.swift; sourceTree = "<group>"; };
		39718F0D2443F3F0002CEE3C /* Info.plist */ = {isa = PBXFileReference; lastKnownFileType = text.plist.xml; path = Info.plist; sourceTree = "<group>"; };
		426B657414B653E2C4C6AEB4 /* Pods_STUUITests.framework */ = {isa = PBXFileReference; explicitFileType = wrapper.framework; includeInIndex = 0; path = Pods_STUUITests.framework; sourceTree = BUILT_PRODUCTS_DIR; };
		491F7E498901D22C11D5C298 /* Pods-STUBase-STU-STUUITests.release.xcconfig */ = {isa = PBXFileReference; includeInIndex = 1; lastKnownFileType = text.xcconfig; name = "Pods-STUBase-STU-STUUITests.release.xcconfig"; path = "Target Support Files/Pods-STUBase-STU-STUUITests/Pods-STUBase-STU-STUUITests.release.xcconfig"; sourceTree = "<group>"; };
		51CA41D3D299F854D504BC1D /* Pods-STUBase-STU.debug.xcconfig */ = {isa = PBXFileReference; includeInIndex = 1; lastKnownFileType = text.xcconfig; name = "Pods-STUBase-STU.debug.xcconfig"; path = "Target Support Files/Pods-STUBase-STU/Pods-STUBase-STU.debug.xcconfig"; sourceTree = "<group>"; };
		524A5F7E246145DA00F8912E /* Graph.xcdatamodel */ = {isa = PBXFileReference; explicitFileType = wrapper.xcdatamodel; path = Graph.xcdatamodel; sourceTree = "<group>"; };
		524A5F832468896D00F8912E /* GraphBehavior.swift */ = {isa = PBXFileReference; lastKnownFileType = sourcecode.swift; path = GraphBehavior.swift; sourceTree = "<group>"; };
		525E22652454F647006C0711 /* STUCore.framework */ = {isa = PBXFileReference; explicitFileType = wrapper.framework; includeInIndex = 0; path = STUCore.framework; sourceTree = BUILT_PRODUCTS_DIR; };
		525E22672454F647006C0711 /* STUCore.h */ = {isa = PBXFileReference; lastKnownFileType = sourcecode.c.h; path = STUCore.h; sourceTree = "<group>"; };
		525E22682454F647006C0711 /* Info.plist */ = {isa = PBXFileReference; lastKnownFileType = text.plist.xml; path = Info.plist; sourceTree = "<group>"; };
		525E226D2454F647006C0711 /* STUCoreTests.xctest */ = {isa = PBXFileReference; explicitFileType = wrapper.cfbundle; includeInIndex = 0; path = STUCoreTests.xctest; sourceTree = BUILT_PRODUCTS_DIR; };
		525E22742454F647006C0711 /* Info.plist */ = {isa = PBXFileReference; lastKnownFileType = text.plist.xml; path = Info.plist; sourceTree = "<group>"; };
		525E227D2454F83D006C0711 /* ModelProtocols.swift */ = {isa = PBXFileReference; lastKnownFileType = sourcecode.swift; path = ModelProtocols.swift; sourceTree = "<group>"; };
		5294B0FF245F758400B82B8C /* CoreData.framework */ = {isa = PBXFileReference; lastKnownFileType = wrapper.framework; name = CoreData.framework; path = Platforms/MacOSX.platform/Developer/SDKs/MacOSX10.15.sdk/System/Library/Frameworks/CoreData.framework; sourceTree = DEVELOPER_DIR; };
		5294B1022461022500B82B8C /* Log.swift */ = {isa = PBXFileReference; lastKnownFileType = sourcecode.swift; path = Log.swift; sourceTree = "<group>"; };
		5294B10D2461139F00B82B8C /* CoreDataGraphSpec.swift */ = {isa = PBXFileReference; lastKnownFileType = sourcecode.swift; path = CoreDataGraphSpec.swift; sourceTree = "<group>"; };
		5294B110246121ED00B82B8C /* GraphDatabase.swift */ = {isa = PBXFileReference; lastKnownFileType = sourcecode.swift; path = GraphDatabase.swift; sourceTree = "<group>"; };
		5294B1122461237E00B82B8C /* CoreDataGraphDatabase.swift */ = {isa = PBXFileReference; lastKnownFileType = sourcecode.swift; path = CoreDataGraphDatabase.swift; sourceTree = "<group>"; };
		5294B1142461280700B82B8C /* StoredGraph.swift */ = {isa = PBXFileReference; lastKnownFileType = sourcecode.swift; path = StoredGraph.swift; sourceTree = "<group>"; };
		52B7CFC2246B8EBE002B18D0 /* STUCore.xctestplan */ = {isa = PBXFileReference; lastKnownFileType = text; name = STUCore.xctestplan; path = TestPlans/STUCore.xctestplan; sourceTree = "<group>"; };
		52B7CFC3246B8ECF002B18D0 /* STU.xctestplan */ = {isa = PBXFileReference; lastKnownFileType = text; name = STU.xctestplan; path = TestPlans/STU.xctestplan; sourceTree = "<group>"; };
		52C4A84A2456351A000CDA6B /* WeightedVertex.swift */ = {isa = PBXFileReference; lastKnownFileType = sourcecode.swift; path = WeightedVertex.swift; sourceTree = "<group>"; };
		52C4A84C245635F3000CDA6B /* ValueEdge.swift */ = {isa = PBXFileReference; lastKnownFileType = sourcecode.swift; path = ValueEdge.swift; sourceTree = "<group>"; };
		52C4A84E24563933000CDA6B /* GraphProtocols.swift */ = {isa = PBXFileReference; lastKnownFileType = sourcecode.swift; path = GraphProtocols.swift; sourceTree = "<group>"; };
		52C4A85024563BF3000CDA6B /* MemoryGraph.swift */ = {isa = PBXFileReference; lastKnownFileType = sourcecode.swift; path = MemoryGraph.swift; sourceTree = "<group>"; };
		52FF0C2E245685C90037F3B2 /* CacheGraph.swift */ = {isa = PBXFileReference; lastKnownFileType = sourcecode.swift; path = CacheGraph.swift; sourceTree = "<group>"; };
		52FF0C30245688FB0037F3B2 /* Functional.swift */ = {isa = PBXFileReference; lastKnownFileType = sourcecode.swift; path = Functional.swift; sourceTree = "<group>"; };
		52FF0C32245690480037F3B2 /* MemoryGraphTests.swift */ = {isa = PBXFileReference; lastKnownFileType = sourcecode.swift; path = MemoryGraphTests.swift; sourceTree = "<group>"; };
		52FF0C3624569B150037F3B2 /* CacheGraphSpec.swift */ = {isa = PBXFileReference; lastKnownFileType = sourcecode.swift; path = CacheGraphSpec.swift; sourceTree = "<group>"; };
		52FF0C382456A2100037F3B2 /* KeyPathEqualitySpec.swift */ = {isa = PBXFileReference; lastKnownFileType = sourcecode.swift; path = KeyPathEqualitySpec.swift; sourceTree = "<group>"; };
		53BBD709F7E5B342D5BB41B4 /* Pods-STUCoreTests.debug.xcconfig */ = {isa = PBXFileReference; includeInIndex = 1; lastKnownFileType = text.xcconfig; name = "Pods-STUCoreTests.debug.xcconfig"; path = "Target Support Files/Pods-STUCoreTests/Pods-STUCoreTests.debug.xcconfig"; sourceTree = "<group>"; };
		64B2302DE3561AA64A411F3C /* Pods-STUBase-STUCore.release.xcconfig */ = {isa = PBXFileReference; includeInIndex = 1; lastKnownFileType = text.xcconfig; name = "Pods-STUBase-STUCore.release.xcconfig"; path = "Target Support Files/Pods-STUBase-STUCore/Pods-STUBase-STUCore.release.xcconfig"; sourceTree = "<group>"; };
		66641F50F8B3294573727345 /* Pods-STUTests.release.xcconfig */ = {isa = PBXFileReference; includeInIndex = 1; lastKnownFileType = text.xcconfig; name = "Pods-STUTests.release.xcconfig"; path = "Target Support Files/Pods-STUTests/Pods-STUTests.release.xcconfig"; sourceTree = "<group>"; };
		715AAC0A7AC6E2D904CE4984 /* Pods-STUTestBase-STUUITests.release.xcconfig */ = {isa = PBXFileReference; includeInIndex = 1; lastKnownFileType = text.xcconfig; name = "Pods-STUTestBase-STUUITests.release.xcconfig"; path = "Target Support Files/Pods-STUTestBase-STUUITests/Pods-STUTestBase-STUUITests.release.xcconfig"; sourceTree = "<group>"; };
		75302CE8652CA09C090C27B9 /* Pods-STUUITests.debug.xcconfig */ = {isa = PBXFileReference; includeInIndex = 1; lastKnownFileType = text.xcconfig; name = "Pods-STUUITests.debug.xcconfig"; path = "Target Support Files/Pods-STUUITests/Pods-STUUITests.debug.xcconfig"; sourceTree = "<group>"; };
		8C520FF180F294437824EB31 /* Pods-STUCoreTests.release.xcconfig */ = {isa = PBXFileReference; includeInIndex = 1; lastKnownFileType = text.xcconfig; name = "Pods-STUCoreTests.release.xcconfig"; path = "Target Support Files/Pods-STUCoreTests/Pods-STUCoreTests.release.xcconfig"; sourceTree = "<group>"; };
		A2A120A50C9883851764917F /* Pods-STUBase-STU.release.xcconfig */ = {isa = PBXFileReference; includeInIndex = 1; lastKnownFileType = text.xcconfig; name = "Pods-STUBase-STU.release.xcconfig"; path = "Target Support Files/Pods-STUBase-STU/Pods-STUBase-STU.release.xcconfig"; sourceTree = "<group>"; };
		A795B5DFF5A71CC23054DEE5 /* Pods-STUTestBase-STUUITests.debug.xcconfig */ = {isa = PBXFileReference; includeInIndex = 1; lastKnownFileType = text.xcconfig; name = "Pods-STUTestBase-STUUITests.debug.xcconfig"; path = "Target Support Files/Pods-STUTestBase-STUUITests/Pods-STUTestBase-STUUITests.debug.xcconfig"; sourceTree = "<group>"; };
		AB209E5D5F46D74BF97DD9AE /* Pods_STUTests.framework */ = {isa = PBXFileReference; explicitFileType = wrapper.framework; includeInIndex = 0; path = Pods_STUTests.framework; sourceTree = BUILT_PRODUCTS_DIR; };
		C2C80DC3079BBE5EE0290E09 /* Pods-STUTests.debug.xcconfig */ = {isa = PBXFileReference; includeInIndex = 1; lastKnownFileType = text.xcconfig; name = "Pods-STUTests.debug.xcconfig"; path = "Target Support Files/Pods-STUTests/Pods-STUTests.debug.xcconfig"; sourceTree = "<group>"; };
		C778A17C754FBEAFB4F3BC3A /* Pods-STUBase-STUTestBase-STUUITests.debug.xcconfig */ = {isa = PBXFileReference; includeInIndex = 1; lastKnownFileType = text.xcconfig; name = "Pods-STUBase-STUTestBase-STUUITests.debug.xcconfig"; path = "Target Support Files/Pods-STUBase-STUTestBase-STUUITests/Pods-STUBase-STUTestBase-STUUITests.debug.xcconfig"; sourceTree = "<group>"; };
		CDF2F1047684DCBDEEF8251F /* Pods-STUBase-STUTestBase-STUUITests.release.xcconfig */ = {isa = PBXFileReference; includeInIndex = 1; lastKnownFileType = text.xcconfig; name = "Pods-STUBase-STUTestBase-STUUITests.release.xcconfig"; path = "Target Support Files/Pods-STUBase-STUTestBase-STUUITests/Pods-STUBase-STUTestBase-STUUITests.release.xcconfig"; sourceTree = "<group>"; };
		D8643BD43DE30DAFCA0237AA /* Pods_STUBase_STUCore.framework */ = {isa = PBXFileReference; explicitFileType = wrapper.framework; includeInIndex = 0; path = Pods_STUBase_STUCore.framework; sourceTree = BUILT_PRODUCTS_DIR; };
		E0E37780C49A800E3EFDF8D7 /* Pods-STUBase-STUCore.debug.xcconfig */ = {isa = PBXFileReference; includeInIndex = 1; lastKnownFileType = text.xcconfig; name = "Pods-STUBase-STUCore.debug.xcconfig"; path = "Target Support Files/Pods-STUBase-STUCore/Pods-STUBase-STUCore.debug.xcconfig"; sourceTree = "<group>"; };
		E2E911475EFC5CED2D9AA7F2 /* Pods_STUCoreTests.framework */ = {isa = PBXFileReference; explicitFileType = wrapper.framework; includeInIndex = 0; path = Pods_STUCoreTests.framework; sourceTree = BUILT_PRODUCTS_DIR; };
/* End PBXFileReference section */

/* Begin PBXFrameworksBuildPhase section */
		39718EE02443F3DD002CEE3C /* Frameworks */ = {
			isa = PBXFrameworksBuildPhase;
			buildActionMask = 2147483647;
			files = (
				52C4A8442454FF89000CDA6B /* STUCore.framework in Frameworks */,
				EB989DE7C3ED9B299DAEAAC5 /* Pods_STUBase_STU.framework in Frameworks */,
			);
			runOnlyForDeploymentPostprocessing = 0;
		};
		39718EF92443F3F0002CEE3C /* Frameworks */ = {
			isa = PBXFrameworksBuildPhase;
			buildActionMask = 2147483647;
			files = (
				0FD38A14D4DD387340794918 /* Pods_STUTests.framework in Frameworks */,
			);
			runOnlyForDeploymentPostprocessing = 0;
		};
		39718F042443F3F0002CEE3C /* Frameworks */ = {
			isa = PBXFrameworksBuildPhase;
			buildActionMask = 2147483647;
			files = (
				4A06309CBFAD34791003CA89 /* Pods_STUUITests.framework in Frameworks */,
			);
			runOnlyForDeploymentPostprocessing = 0;
		};
		525E22622454F647006C0711 /* Frameworks */ = {
			isa = PBXFrameworksBuildPhase;
			buildActionMask = 2147483647;
			files = (
				3DC6984EA3FB54923F7BD0F7 /* Pods_STUBase_STUCore.framework in Frameworks */,
			);
			runOnlyForDeploymentPostprocessing = 0;
		};
		525E226A2454F647006C0711 /* Frameworks */ = {
			isa = PBXFrameworksBuildPhase;
			buildActionMask = 2147483647;
			files = (
				52B7CFC4246B8F5A002B18D0 /* CoreData.framework in Frameworks */,
				525E226E2454F647006C0711 /* STUCore.framework in Frameworks */,
				D2872EBD1E8B452FB16F6F54 /* Pods_STUCoreTests.framework in Frameworks */,
			);
			runOnlyForDeploymentPostprocessing = 0;
		};
/* End PBXFrameworksBuildPhase section */

/* Begin PBXGroup section */
		39718EDA2443F3DD002CEE3C = {
			isa = PBXGroup;
			children = (
				52B7CFC2246B8EBE002B18D0 /* STUCore.xctestplan */,
				52B7CFC3246B8ECF002B18D0 /* STU.xctestplan */,
				39718EE52443F3DD002CEE3C /* STU */,
				39718EFF2443F3F0002CEE3C /* STUTests */,
				39718F0A2443F3F0002CEE3C /* STUUITests */,
				525E22662454F647006C0711 /* STUCore */,
				525E22712454F647006C0711 /* STUCoreTests */,
				39718EE42443F3DD002CEE3C /* Products */,
				3D02C459542941CD0D427DCB /* Pods */,
				94718E57ED88D59916CC3F87 /* Frameworks */,
			);
			sourceTree = "<group>";
		};
		39718EE42443F3DD002CEE3C /* Products */ = {
			isa = PBXGroup;
			children = (
				39718EE32443F3DD002CEE3C /* STU.app */,
				39718EFC2443F3F0002CEE3C /* STUTests.xctest */,
				39718F072443F3F0002CEE3C /* STUUITests.xctest */,
				525E22652454F647006C0711 /* STUCore.framework */,
				525E226D2454F647006C0711 /* STUCoreTests.xctest */,
			);
			name = Products;
			sourceTree = "<group>";
		};
		39718EE52443F3DD002CEE3C /* STU */ = {
			isa = PBXGroup;
			children = (
				39718EE62443F3DD002CEE3C /* AppDelegate.swift */,
				39718EE82443F3DD002CEE3C /* SceneDelegate.swift */,
				39718EED2443F3DD002CEE3C /* ContentView.swift */,
				39718EEF2443F3EF002CEE3C /* Assets.xcassets */,
				39718EF42443F3EF002CEE3C /* LaunchScreen.storyboard */,
				39718EF72443F3EF002CEE3C /* Info.plist */,
				39718EEA2443F3DD002CEE3C /* STU.xcdatamodeld */,
				39718EF12443F3EF002CEE3C /* Preview Content */,
			);
			path = STU;
			sourceTree = "<group>";
		};
		39718EF12443F3EF002CEE3C /* Preview Content */ = {
			isa = PBXGroup;
			children = (
				39718EF22443F3EF002CEE3C /* Preview Assets.xcassets */,
			);
			path = "Preview Content";
			sourceTree = "<group>";
		};
		39718EFF2443F3F0002CEE3C /* STUTests */ = {
			isa = PBXGroup;
			children = (
				39718F002443F3F0002CEE3C /* STUTests.swift */,
				39718F022443F3F0002CEE3C /* Info.plist */,
			);
			path = STUTests;
			sourceTree = "<group>";
		};
		39718F0A2443F3F0002CEE3C /* STUUITests */ = {
			isa = PBXGroup;
			children = (
				39718F0B2443F3F0002CEE3C /* STUUITests.swift */,
				39718F0D2443F3F0002CEE3C /* Info.plist */,
			);
			path = STUUITests;
			sourceTree = "<group>";
		};
		3D02C459542941CD0D427DCB /* Pods */ = {
			isa = PBXGroup;
			children = (
				51CA41D3D299F854D504BC1D /* Pods-STUBase-STU.debug.xcconfig */,
				A2A120A50C9883851764917F /* Pods-STUBase-STU.release.xcconfig */,
				E0E37780C49A800E3EFDF8D7 /* Pods-STUBase-STUCore.debug.xcconfig */,
				64B2302DE3561AA64A411F3C /* Pods-STUBase-STUCore.release.xcconfig */,
				53BBD709F7E5B342D5BB41B4 /* Pods-STUCoreTests.debug.xcconfig */,
				8C520FF180F294437824EB31 /* Pods-STUCoreTests.release.xcconfig */,
				A795B5DFF5A71CC23054DEE5 /* Pods-STUTestBase-STUUITests.debug.xcconfig */,
				715AAC0A7AC6E2D904CE4984 /* Pods-STUTestBase-STUUITests.release.xcconfig */,
				C2C80DC3079BBE5EE0290E09 /* Pods-STUTests.debug.xcconfig */,
				66641F50F8B3294573727345 /* Pods-STUTests.release.xcconfig */,
				C778A17C754FBEAFB4F3BC3A /* Pods-STUBase-STUTestBase-STUUITests.debug.xcconfig */,
				CDF2F1047684DCBDEEF8251F /* Pods-STUBase-STUTestBase-STUUITests.release.xcconfig */,
				1626C7366639D4A4370A35BD /* Pods-STUBase-STU-STUUITests.debug.xcconfig */,
				491F7E498901D22C11D5C298 /* Pods-STUBase-STU-STUUITests.release.xcconfig */,
				75302CE8652CA09C090C27B9 /* Pods-STUUITests.debug.xcconfig */,
				1B48E20146FB5E5271563861 /* Pods-STUUITests.release.xcconfig */,
			);
			path = Pods;
			sourceTree = "<group>";
		};
		525E22662454F647006C0711 /* STUCore */ = {
			isa = PBXGroup;
			children = (
				52FF0C30245688FB0037F3B2 /* Functional.swift */,
				52C4A8492456350F000CDA6B /* Graph */,
				525E22672454F647006C0711 /* STUCore.h */,
				525E22682454F647006C0711 /* Info.plist */,
				525E227D2454F83D006C0711 /* ModelProtocols.swift */,
				5294B1022461022500B82B8C /* Log.swift */,
				524A5F7D246145DA00F8912E /* Graph.xcdatamodeld */,
			);
			path = STUCore;
			sourceTree = "<group>";
		};
		525E22712454F647006C0711 /* STUCoreTests */ = {
			isa = PBXGroup;
			children = (
				525E22742454F647006C0711 /* Info.plist */,
				52FF0C32245690480037F3B2 /* MemoryGraphTests.swift */,
				52FF0C3624569B150037F3B2 /* CacheGraphSpec.swift */,
				52FF0C382456A2100037F3B2 /* KeyPathEqualitySpec.swift */,
				5294B10D2461139F00B82B8C /* CoreDataGraphSpec.swift */,
				524A5F832468896D00F8912E /* GraphBehavior.swift */,
			);
			path = STUCoreTests;
			sourceTree = "<group>";
		};
		5294B10F246121DD00B82B8C /* Database */ = {
			isa = PBXGroup;
			children = (
				5294B1162461280F00B82B8C /* Databases */,
				5294B110246121ED00B82B8C /* GraphDatabase.swift */,
				5294B1142461280700B82B8C /* StoredGraph.swift */,
			);
			path = Database;
			sourceTree = "<group>";
		};
		5294B1162461280F00B82B8C /* Databases */ = {
			isa = PBXGroup;
			children = (
				5294B1122461237E00B82B8C /* CoreDataGraphDatabase.swift */,
			);
			path = Databases;
			sourceTree = "<group>";
		};
		52C4A8492456350F000CDA6B /* Graph */ = {
			isa = PBXGroup;
			children = (
				52C4A85224563BF6000CDA6B /* Graphs */,
				52C4A84E24563933000CDA6B /* GraphProtocols.swift */,
				52C4A84A2456351A000CDA6B /* WeightedVertex.swift */,
				52C4A84C245635F3000CDA6B /* ValueEdge.swift */,
			);
			path = Graph;
			sourceTree = "<group>";
		};
		52C4A85224563BF6000CDA6B /* Graphs */ = {
			isa = PBXGroup;
			children = (
				5294B10F246121DD00B82B8C /* Database */,
				52C4A85024563BF3000CDA6B /* MemoryGraph.swift */,
				52FF0C2E245685C90037F3B2 /* CacheGraph.swift */,
			);
			path = Graphs;
			sourceTree = "<group>";
		};
		94718E57ED88D59916CC3F87 /* Frameworks */ = {
			isa = PBXGroup;
			children = (
				5294B0FF245F758400B82B8C /* CoreData.framework */,
				0D3DABC6E80483007FA6776C /* Pods_STUBase_STU.framework */,
				D8643BD43DE30DAFCA0237AA /* Pods_STUBase_STUCore.framework */,
				E2E911475EFC5CED2D9AA7F2 /* Pods_STUCoreTests.framework */,
				AB209E5D5F46D74BF97DD9AE /* Pods_STUTests.framework */,
				426B657414B653E2C4C6AEB4 /* Pods_STUUITests.framework */,
			);
			name = Frameworks;
			sourceTree = "<group>";
		};
/* End PBXGroup section */

/* Begin PBXHeadersBuildPhase section */
		525E22602454F647006C0711 /* Headers */ = {
			isa = PBXHeadersBuildPhase;
			buildActionMask = 2147483647;
			files = (
				525E22752454F647006C0711 /* STUCore.h in Headers */,
			);
			runOnlyForDeploymentPostprocessing = 0;
		};
/* End PBXHeadersBuildPhase section */

/* Begin PBXNativeTarget section */
		39718EE22443F3DD002CEE3C /* STU */ = {
			isa = PBXNativeTarget;
			buildConfigurationList = 39718F102443F3F0002CEE3C /* Build configuration list for PBXNativeTarget "STU" */;
			buildPhases = (
				39F1C56E1F525AF0CF748BD6 /* [CP] Check Pods Manifest.lock */,
				39718EDF2443F3DD002CEE3C /* Sources */,
				39718EE02443F3DD002CEE3C /* Frameworks */,
				39718EE12443F3DD002CEE3C /* Resources */,
				52C4A8482454FF89000CDA6B /* Embed Frameworks */,
			);
			buildRules = (
			);
			dependencies = (
				52C4A8472454FF89000CDA6B /* PBXTargetDependency */,
			);
			name = STU;
			productName = STU;
			productReference = 39718EE32443F3DD002CEE3C /* STU.app */;
			productType = "com.apple.product-type.application";
		};
		39718EFB2443F3F0002CEE3C /* STUTests */ = {
			isa = PBXNativeTarget;
			buildConfigurationList = 39718F132443F3F0002CEE3C /* Build configuration list for PBXNativeTarget "STUTests" */;
			buildPhases = (
				28F101455E64B160BC73CCC4 /* [CP] Check Pods Manifest.lock */,
				39718EF82443F3F0002CEE3C /* Sources */,
				39718EF92443F3F0002CEE3C /* Frameworks */,
				39718EFA2443F3F0002CEE3C /* Resources */,
				3E9E611D5F73E8814CF6FBD2 /* [CP] Embed Pods Frameworks */,
			);
			buildRules = (
			);
			dependencies = (
				39718EFE2443F3F0002CEE3C /* PBXTargetDependency */,
			);
			name = STUTests;
			productName = STUTests;
			productReference = 39718EFC2443F3F0002CEE3C /* STUTests.xctest */;
			productType = "com.apple.product-type.bundle.unit-test";
		};
		39718F062443F3F0002CEE3C /* STUUITests */ = {
			isa = PBXNativeTarget;
			buildConfigurationList = 39718F162443F3F0002CEE3C /* Build configuration list for PBXNativeTarget "STUUITests" */;
			buildPhases = (
				6D19717B40D86171350C2206 /* [CP] Check Pods Manifest.lock */,
				39718F032443F3F0002CEE3C /* Sources */,
				39718F042443F3F0002CEE3C /* Frameworks */,
				39718F052443F3F0002CEE3C /* Resources */,
				22BE7910FECA642791E18C45 /* [CP] Embed Pods Frameworks */,
			);
			buildRules = (
			);
			dependencies = (
				39718F092443F3F0002CEE3C /* PBXTargetDependency */,
			);
			name = STUUITests;
			productName = STUUITests;
			productReference = 39718F072443F3F0002CEE3C /* STUUITests.xctest */;
			productType = "com.apple.product-type.bundle.ui-testing";
		};
		525E22642454F647006C0711 /* STUCore */ = {
			isa = PBXNativeTarget;
			buildConfigurationList = 525E227A2454F647006C0711 /* Build configuration list for PBXNativeTarget "STUCore" */;
			buildPhases = (
				96773712C7AE37FC40DAB1C2 /* [CP] Check Pods Manifest.lock */,
				525E22602454F647006C0711 /* Headers */,
				525E22612454F647006C0711 /* Sources */,
				525E22622454F647006C0711 /* Frameworks */,
				525E22632454F647006C0711 /* Resources */,
			);
			buildRules = (
			);
			dependencies = (
			);
			name = STUCore;
			productName = STUCore;
			productReference = 525E22652454F647006C0711 /* STUCore.framework */;
			productType = "com.apple.product-type.framework";
		};
		525E226C2454F647006C0711 /* STUCoreTests */ = {
			isa = PBXNativeTarget;
			buildConfigurationList = 525E227B2454F647006C0711 /* Build configuration list for PBXNativeTarget "STUCoreTests" */;
			buildPhases = (
				F2B688962FB0E61A788604A6 /* [CP] Check Pods Manifest.lock */,
				525E22692454F647006C0711 /* Sources */,
				525E226A2454F647006C0711 /* Frameworks */,
				525E226B2454F647006C0711 /* Resources */,
				CBEE45A203B92DD038FBF467 /* [CP] Embed Pods Frameworks */,
			);
			buildRules = (
			);
			dependencies = (
				525E22702454F647006C0711 /* PBXTargetDependency */,
			);
			name = STUCoreTests;
			productName = STUCoreTests;
			productReference = 525E226D2454F647006C0711 /* STUCoreTests.xctest */;
			productType = "com.apple.product-type.bundle.unit-test";
		};
/* End PBXNativeTarget section */

/* Begin PBXProject section */
		39718EDB2443F3DD002CEE3C /* Project object */ = {
			isa = PBXProject;
			attributes = {
				LastSwiftUpdateCheck = 1140;
				LastUpgradeCheck = 1130;
				ORGANIZATIONNAME = "John McAvey";
				TargetAttributes = {
					39718EE22443F3DD002CEE3C = {
						CreatedOnToolsVersion = 11.3.1;
					};
					39718EFB2443F3F0002CEE3C = {
						CreatedOnToolsVersion = 11.3.1;
						TestTargetID = 39718EE22443F3DD002CEE3C;
					};
					39718F062443F3F0002CEE3C = {
						CreatedOnToolsVersion = 11.3.1;
						TestTargetID = 39718EE22443F3DD002CEE3C;
					};
					525E22642454F647006C0711 = {
						CreatedOnToolsVersion = 11.4.1;
						LastSwiftMigration = 1140;
					};
					525E226C2454F647006C0711 = {
						CreatedOnToolsVersion = 11.4.1;
					};
				};
			};
			buildConfigurationList = 39718EDE2443F3DD002CEE3C /* Build configuration list for PBXProject "STU" */;
			compatibilityVersion = "Xcode 9.3";
			developmentRegion = en;
			hasScannedForEncodings = 0;
			knownRegions = (
				en,
				Base,
			);
			mainGroup = 39718EDA2443F3DD002CEE3C;
			productRefGroup = 39718EE42443F3DD002CEE3C /* Products */;
			projectDirPath = "";
			projectRoot = "";
			targets = (
				39718EE22443F3DD002CEE3C /* STU */,
				39718EFB2443F3F0002CEE3C /* STUTests */,
				39718F062443F3F0002CEE3C /* STUUITests */,
				525E22642454F647006C0711 /* STUCore */,
				525E226C2454F647006C0711 /* STUCoreTests */,
			);
		};
/* End PBXProject section */

/* Begin PBXResourcesBuildPhase section */
		39718EE12443F3DD002CEE3C /* Resources */ = {
			isa = PBXResourcesBuildPhase;
			buildActionMask = 2147483647;
			files = (
				39718EF62443F3EF002CEE3C /* LaunchScreen.storyboard in Resources */,
				39718EF32443F3EF002CEE3C /* Preview Assets.xcassets in Resources */,
				39718EF02443F3EF002CEE3C /* Assets.xcassets in Resources */,
			);
			runOnlyForDeploymentPostprocessing = 0;
		};
		39718EFA2443F3F0002CEE3C /* Resources */ = {
			isa = PBXResourcesBuildPhase;
			buildActionMask = 2147483647;
			files = (
			);
			runOnlyForDeploymentPostprocessing = 0;
		};
		39718F052443F3F0002CEE3C /* Resources */ = {
			isa = PBXResourcesBuildPhase;
			buildActionMask = 2147483647;
			files = (
			);
			runOnlyForDeploymentPostprocessing = 0;
		};
		525E22632454F647006C0711 /* Resources */ = {
			isa = PBXResourcesBuildPhase;
			buildActionMask = 2147483647;
			files = (
			);
			runOnlyForDeploymentPostprocessing = 0;
		};
		525E226B2454F647006C0711 /* Resources */ = {
			isa = PBXResourcesBuildPhase;
			buildActionMask = 2147483647;
			files = (
			);
			runOnlyForDeploymentPostprocessing = 0;
		};
/* End PBXResourcesBuildPhase section */

/* Begin PBXShellScriptBuildPhase section */
		22BE7910FECA642791E18C45 /* [CP] Embed Pods Frameworks */ = {
			isa = PBXShellScriptBuildPhase;
			buildActionMask = 2147483647;
			files = (
			);
			inputFileListPaths = (
				"${PODS_ROOT}/Target Support Files/Pods-STUUITests/Pods-STUUITests-frameworks-${CONFIGURATION}-input-files.xcfilelist",
			);
			name = "[CP] Embed Pods Frameworks";
			outputFileListPaths = (
				"${PODS_ROOT}/Target Support Files/Pods-STUUITests/Pods-STUUITests-frameworks-${CONFIGURATION}-output-files.xcfilelist",
			);
			runOnlyForDeploymentPostprocessing = 0;
			shellPath = /bin/sh;
			shellScript = "\"${PODS_ROOT}/Target Support Files/Pods-STUUITests/Pods-STUUITests-frameworks.sh\"\n";
			showEnvVarsInLog = 0;
		};
		28F101455E64B160BC73CCC4 /* [CP] Check Pods Manifest.lock */ = {
			isa = PBXShellScriptBuildPhase;
			buildActionMask = 2147483647;
			files = (
			);
			inputFileListPaths = (
			);
			inputPaths = (
				"${PODS_PODFILE_DIR_PATH}/Podfile.lock",
				"${PODS_ROOT}/Manifest.lock",
			);
			name = "[CP] Check Pods Manifest.lock";
			outputFileListPaths = (
			);
			outputPaths = (
				"$(DERIVED_FILE_DIR)/Pods-STUTests-checkManifestLockResult.txt",
			);
			runOnlyForDeploymentPostprocessing = 0;
			shellPath = /bin/sh;
			shellScript = "diff \"${PODS_PODFILE_DIR_PATH}/Podfile.lock\" \"${PODS_ROOT}/Manifest.lock\" > /dev/null\nif [ $? != 0 ] ; then\n    # print error to STDERR\n    echo \"error: The sandbox is not in sync with the Podfile.lock. Run 'pod install' or update your CocoaPods installation.\" >&2\n    exit 1\nfi\n# This output is used by Xcode 'outputs' to avoid re-running this script phase.\necho \"SUCCESS\" > \"${SCRIPT_OUTPUT_FILE_0}\"\n";
			showEnvVarsInLog = 0;
		};
		39F1C56E1F525AF0CF748BD6 /* [CP] Check Pods Manifest.lock */ = {
			isa = PBXShellScriptBuildPhase;
			buildActionMask = 2147483647;
			files = (
			);
			inputFileListPaths = (
			);
			inputPaths = (
				"${PODS_PODFILE_DIR_PATH}/Podfile.lock",
				"${PODS_ROOT}/Manifest.lock",
			);
			name = "[CP] Check Pods Manifest.lock";
			outputFileListPaths = (
			);
			outputPaths = (
				"$(DERIVED_FILE_DIR)/Pods-STUBase-STU-checkManifestLockResult.txt",
			);
			runOnlyForDeploymentPostprocessing = 0;
			shellPath = /bin/sh;
			shellScript = "diff \"${PODS_PODFILE_DIR_PATH}/Podfile.lock\" \"${PODS_ROOT}/Manifest.lock\" > /dev/null\nif [ $? != 0 ] ; then\n    # print error to STDERR\n    echo \"error: The sandbox is not in sync with the Podfile.lock. Run 'pod install' or update your CocoaPods installation.\" >&2\n    exit 1\nfi\n# This output is used by Xcode 'outputs' to avoid re-running this script phase.\necho \"SUCCESS\" > \"${SCRIPT_OUTPUT_FILE_0}\"\n";
			showEnvVarsInLog = 0;
		};
		3E9E611D5F73E8814CF6FBD2 /* [CP] Embed Pods Frameworks */ = {
			isa = PBXShellScriptBuildPhase;
			buildActionMask = 2147483647;
			files = (
			);
			inputFileListPaths = (
				"${PODS_ROOT}/Target Support Files/Pods-STUTests/Pods-STUTests-frameworks-${CONFIGURATION}-input-files.xcfilelist",
			);
			name = "[CP] Embed Pods Frameworks";
			outputFileListPaths = (
				"${PODS_ROOT}/Target Support Files/Pods-STUTests/Pods-STUTests-frameworks-${CONFIGURATION}-output-files.xcfilelist",
			);
			runOnlyForDeploymentPostprocessing = 0;
			shellPath = /bin/sh;
			shellScript = "\"${PODS_ROOT}/Target Support Files/Pods-STUTests/Pods-STUTests-frameworks.sh\"\n";
			showEnvVarsInLog = 0;
		};
		6D19717B40D86171350C2206 /* [CP] Check Pods Manifest.lock */ = {
			isa = PBXShellScriptBuildPhase;
			buildActionMask = 2147483647;
			files = (
			);
			inputFileListPaths = (
			);
			inputPaths = (
				"${PODS_PODFILE_DIR_PATH}/Podfile.lock",
				"${PODS_ROOT}/Manifest.lock",
			);
			name = "[CP] Check Pods Manifest.lock";
			outputFileListPaths = (
			);
			outputPaths = (
				"$(DERIVED_FILE_DIR)/Pods-STUUITests-checkManifestLockResult.txt",
			);
			runOnlyForDeploymentPostprocessing = 0;
			shellPath = /bin/sh;
			shellScript = "diff \"${PODS_PODFILE_DIR_PATH}/Podfile.lock\" \"${PODS_ROOT}/Manifest.lock\" > /dev/null\nif [ $? != 0 ] ; then\n    # print error to STDERR\n    echo \"error: The sandbox is not in sync with the Podfile.lock. Run 'pod install' or update your CocoaPods installation.\" >&2\n    exit 1\nfi\n# This output is used by Xcode 'outputs' to avoid re-running this script phase.\necho \"SUCCESS\" > \"${SCRIPT_OUTPUT_FILE_0}\"\n";
			showEnvVarsInLog = 0;
		};
		96773712C7AE37FC40DAB1C2 /* [CP] Check Pods Manifest.lock */ = {
			isa = PBXShellScriptBuildPhase;
			buildActionMask = 2147483647;
			files = (
			);
			inputFileListPaths = (
			);
			inputPaths = (
				"${PODS_PODFILE_DIR_PATH}/Podfile.lock",
				"${PODS_ROOT}/Manifest.lock",
			);
			name = "[CP] Check Pods Manifest.lock";
			outputFileListPaths = (
			);
			outputPaths = (
				"$(DERIVED_FILE_DIR)/Pods-STUBase-STUCore-checkManifestLockResult.txt",
			);
			runOnlyForDeploymentPostprocessing = 0;
			shellPath = /bin/sh;
			shellScript = "diff \"${PODS_PODFILE_DIR_PATH}/Podfile.lock\" \"${PODS_ROOT}/Manifest.lock\" > /dev/null\nif [ $? != 0 ] ; then\n    # print error to STDERR\n    echo \"error: The sandbox is not in sync with the Podfile.lock. Run 'pod install' or update your CocoaPods installation.\" >&2\n    exit 1\nfi\n# This output is used by Xcode 'outputs' to avoid re-running this script phase.\necho \"SUCCESS\" > \"${SCRIPT_OUTPUT_FILE_0}\"\n";
			showEnvVarsInLog = 0;
		};
		CBEE45A203B92DD038FBF467 /* [CP] Embed Pods Frameworks */ = {
			isa = PBXShellScriptBuildPhase;
			buildActionMask = 2147483647;
			files = (
			);
			inputFileListPaths = (
				"${PODS_ROOT}/Target Support Files/Pods-STUCoreTests/Pods-STUCoreTests-frameworks-${CONFIGURATION}-input-files.xcfilelist",
			);
			name = "[CP] Embed Pods Frameworks";
			outputFileListPaths = (
				"${PODS_ROOT}/Target Support Files/Pods-STUCoreTests/Pods-STUCoreTests-frameworks-${CONFIGURATION}-output-files.xcfilelist",
			);
			runOnlyForDeploymentPostprocessing = 0;
			shellPath = /bin/sh;
			shellScript = "\"${PODS_ROOT}/Target Support Files/Pods-STUCoreTests/Pods-STUCoreTests-frameworks.sh\"\n";
			showEnvVarsInLog = 0;
		};
		F2B688962FB0E61A788604A6 /* [CP] Check Pods Manifest.lock */ = {
			isa = PBXShellScriptBuildPhase;
			buildActionMask = 2147483647;
			files = (
			);
			inputFileListPaths = (
			);
			inputPaths = (
				"${PODS_PODFILE_DIR_PATH}/Podfile.lock",
				"${PODS_ROOT}/Manifest.lock",
			);
			name = "[CP] Check Pods Manifest.lock";
			outputFileListPaths = (
			);
			outputPaths = (
				"$(DERIVED_FILE_DIR)/Pods-STUCoreTests-checkManifestLockResult.txt",
			);
			runOnlyForDeploymentPostprocessing = 0;
			shellPath = /bin/sh;
			shellScript = "diff \"${PODS_PODFILE_DIR_PATH}/Podfile.lock\" \"${PODS_ROOT}/Manifest.lock\" > /dev/null\nif [ $? != 0 ] ; then\n    # print error to STDERR\n    echo \"error: The sandbox is not in sync with the Podfile.lock. Run 'pod install' or update your CocoaPods installation.\" >&2\n    exit 1\nfi\n# This output is used by Xcode 'outputs' to avoid re-running this script phase.\necho \"SUCCESS\" > \"${SCRIPT_OUTPUT_FILE_0}\"\n";
			showEnvVarsInLog = 0;
		};
/* End PBXShellScriptBuildPhase section */

/* Begin PBXSourcesBuildPhase section */
		39718EDF2443F3DD002CEE3C /* Sources */ = {
			isa = PBXSourcesBuildPhase;
			buildActionMask = 2147483647;
			files = (
				39718EEC2443F3DD002CEE3C /* STU.xcdatamodeld in Sources */,
				39718EE72443F3DD002CEE3C /* AppDelegate.swift in Sources */,
				39718EEE2443F3DD002CEE3C /* ContentView.swift in Sources */,
				39718EE92443F3DD002CEE3C /* SceneDelegate.swift in Sources */,
			);
			runOnlyForDeploymentPostprocessing = 0;
		};
		39718EF82443F3F0002CEE3C /* Sources */ = {
			isa = PBXSourcesBuildPhase;
			buildActionMask = 2147483647;
			files = (
				39718F012443F3F0002CEE3C /* STUTests.swift in Sources */,
			);
			runOnlyForDeploymentPostprocessing = 0;
		};
		39718F032443F3F0002CEE3C /* Sources */ = {
			isa = PBXSourcesBuildPhase;
			buildActionMask = 2147483647;
			files = (
				39718F0C2443F3F0002CEE3C /* STUUITests.swift in Sources */,
			);
			runOnlyForDeploymentPostprocessing = 0;
		};
		525E22612454F647006C0711 /* Sources */ = {
			isa = PBXSourcesBuildPhase;
			buildActionMask = 2147483647;
			files = (
				525E227E2454F83D006C0711 /* ModelProtocols.swift in Sources */,
				5294B111246121ED00B82B8C /* GraphDatabase.swift in Sources */,
				5294B1152461280700B82B8C /* StoredGraph.swift in Sources */,
				52FF0C31245688FB0037F3B2 /* Functional.swift in Sources */,
				5294B1132461237E00B82B8C /* CoreDataGraphDatabase.swift in Sources */,
				5294B1032461022500B82B8C /* Log.swift in Sources */,
				52FF0C2F245685C90037F3B2 /* CacheGraph.swift in Sources */,
				52C4A84B2456351A000CDA6B /* WeightedVertex.swift in Sources */,
				52C4A84D245635F3000CDA6B /* ValueEdge.swift in Sources */,
				524A5F7F246145DA00F8912E /* Graph.xcdatamodeld in Sources */,
				52C4A85124563BF3000CDA6B /* MemoryGraph.swift in Sources */,
				52C4A84F24563933000CDA6B /* GraphProtocols.swift in Sources */,
			);
			runOnlyForDeploymentPostprocessing = 0;
		};
		525E22692454F647006C0711 /* Sources */ = {
			isa = PBXSourcesBuildPhase;
			buildActionMask = 2147483647;
			files = (
				52FF0C3724569B150037F3B2 /* CacheGraphSpec.swift in Sources */,
				52FF0C392456A2110037F3B2 /* KeyPathEqualitySpec.swift in Sources */,
				524A5F8224614E4E00F8912E /* CoreDataGraphSpec.swift in Sources */,
				524A5F842468896D00F8912E /* GraphBehavior.swift in Sources */,
				52FF0C33245690480037F3B2 /* MemoryGraphTests.swift in Sources */,
			);
			runOnlyForDeploymentPostprocessing = 0;
		};
/* End PBXSourcesBuildPhase section */

/* Begin PBXTargetDependency section */
		39718EFE2443F3F0002CEE3C /* PBXTargetDependency */ = {
			isa = PBXTargetDependency;
			target = 39718EE22443F3DD002CEE3C /* STU */;
			targetProxy = 39718EFD2443F3F0002CEE3C /* PBXContainerItemProxy */;
		};
		39718F092443F3F0002CEE3C /* PBXTargetDependency */ = {
			isa = PBXTargetDependency;
			target = 39718EE22443F3DD002CEE3C /* STU */;
			targetProxy = 39718F082443F3F0002CEE3C /* PBXContainerItemProxy */;
		};
		525E22702454F647006C0711 /* PBXTargetDependency */ = {
			isa = PBXTargetDependency;
			target = 525E22642454F647006C0711 /* STUCore */;
			targetProxy = 525E226F2454F647006C0711 /* PBXContainerItemProxy */;
		};
		52C4A8472454FF89000CDA6B /* PBXTargetDependency */ = {
			isa = PBXTargetDependency;
			target = 525E22642454F647006C0711 /* STUCore */;
			targetProxy = 52C4A8462454FF89000CDA6B /* PBXContainerItemProxy */;
		};
/* End PBXTargetDependency section */

/* Begin PBXVariantGroup section */
		39718EF42443F3EF002CEE3C /* LaunchScreen.storyboard */ = {
			isa = PBXVariantGroup;
			children = (
				39718EF52443F3EF002CEE3C /* Base */,
			);
			name = LaunchScreen.storyboard;
			sourceTree = "<group>";
		};
/* End PBXVariantGroup section */

/* Begin XCBuildConfiguration section */
		39718F0E2443F3F0002CEE3C /* Debug */ = {
			isa = XCBuildConfiguration;
			buildSettings = {
				ALWAYS_SEARCH_USER_PATHS = NO;
				CLANG_ANALYZER_NONNULL = YES;
				CLANG_ANALYZER_NUMBER_OBJECT_CONVERSION = YES_AGGRESSIVE;
				CLANG_CXX_LANGUAGE_STANDARD = "gnu++14";
				CLANG_CXX_LIBRARY = "libc++";
				CLANG_ENABLE_MODULES = YES;
				CLANG_ENABLE_OBJC_ARC = YES;
				CLANG_ENABLE_OBJC_WEAK = YES;
				CLANG_WARN_BLOCK_CAPTURE_AUTORELEASING = YES;
				CLANG_WARN_BOOL_CONVERSION = YES;
				CLANG_WARN_COMMA = YES;
				CLANG_WARN_CONSTANT_CONVERSION = YES;
				CLANG_WARN_DEPRECATED_OBJC_IMPLEMENTATIONS = YES;
				CLANG_WARN_DIRECT_OBJC_ISA_USAGE = YES_ERROR;
				CLANG_WARN_DOCUMENTATION_COMMENTS = YES;
				CLANG_WARN_EMPTY_BODY = YES;
				CLANG_WARN_ENUM_CONVERSION = YES;
				CLANG_WARN_INFINITE_RECURSION = YES;
				CLANG_WARN_INT_CONVERSION = YES;
				CLANG_WARN_NON_LITERAL_NULL_CONVERSION = YES;
				CLANG_WARN_OBJC_IMPLICIT_RETAIN_SELF = YES;
				CLANG_WARN_OBJC_LITERAL_CONVERSION = YES;
				CLANG_WARN_OBJC_ROOT_CLASS = YES_ERROR;
				CLANG_WARN_RANGE_LOOP_ANALYSIS = YES;
				CLANG_WARN_STRICT_PROTOTYPES = YES;
				CLANG_WARN_SUSPICIOUS_MOVE = YES;
				CLANG_WARN_UNGUARDED_AVAILABILITY = YES_AGGRESSIVE;
				CLANG_WARN_UNREACHABLE_CODE = YES;
				CLANG_WARN__DUPLICATE_METHOD_MATCH = YES;
				COPY_PHASE_STRIP = NO;
				DEBUG_INFORMATION_FORMAT = dwarf;
				ENABLE_STRICT_OBJC_MSGSEND = YES;
				ENABLE_TESTABILITY = YES;
				GCC_C_LANGUAGE_STANDARD = gnu11;
				GCC_DYNAMIC_NO_PIC = NO;
				GCC_NO_COMMON_BLOCKS = YES;
				GCC_OPTIMIZATION_LEVEL = 0;
				GCC_PREPROCESSOR_DEFINITIONS = (
					"DEBUG=1",
					"$(inherited)",
				);
				GCC_WARN_64_TO_32_BIT_CONVERSION = YES;
				GCC_WARN_ABOUT_RETURN_TYPE = YES_ERROR;
				GCC_WARN_UNDECLARED_SELECTOR = YES;
				GCC_WARN_UNINITIALIZED_AUTOS = YES_AGGRESSIVE;
				GCC_WARN_UNUSED_FUNCTION = YES;
				GCC_WARN_UNUSED_VARIABLE = YES;
				IPHONEOS_DEPLOYMENT_TARGET = 13.2;
				MTL_ENABLE_DEBUG_INFO = INCLUDE_SOURCE;
				MTL_FAST_MATH = YES;
				ONLY_ACTIVE_ARCH = YES;
				SDKROOT = iphoneos;
				SWIFT_ACTIVE_COMPILATION_CONDITIONS = DEBUG;
				SWIFT_OPTIMIZATION_LEVEL = "-Onone";
			};
			name = Debug;
		};
		39718F0F2443F3F0002CEE3C /* Release */ = {
			isa = XCBuildConfiguration;
			buildSettings = {
				ALWAYS_SEARCH_USER_PATHS = NO;
				CLANG_ANALYZER_NONNULL = YES;
				CLANG_ANALYZER_NUMBER_OBJECT_CONVERSION = YES_AGGRESSIVE;
				CLANG_CXX_LANGUAGE_STANDARD = "gnu++14";
				CLANG_CXX_LIBRARY = "libc++";
				CLANG_ENABLE_MODULES = YES;
				CLANG_ENABLE_OBJC_ARC = YES;
				CLANG_ENABLE_OBJC_WEAK = YES;
				CLANG_WARN_BLOCK_CAPTURE_AUTORELEASING = YES;
				CLANG_WARN_BOOL_CONVERSION = YES;
				CLANG_WARN_COMMA = YES;
				CLANG_WARN_CONSTANT_CONVERSION = YES;
				CLANG_WARN_DEPRECATED_OBJC_IMPLEMENTATIONS = YES;
				CLANG_WARN_DIRECT_OBJC_ISA_USAGE = YES_ERROR;
				CLANG_WARN_DOCUMENTATION_COMMENTS = YES;
				CLANG_WARN_EMPTY_BODY = YES;
				CLANG_WARN_ENUM_CONVERSION = YES;
				CLANG_WARN_INFINITE_RECURSION = YES;
				CLANG_WARN_INT_CONVERSION = YES;
				CLANG_WARN_NON_LITERAL_NULL_CONVERSION = YES;
				CLANG_WARN_OBJC_IMPLICIT_RETAIN_SELF = YES;
				CLANG_WARN_OBJC_LITERAL_CONVERSION = YES;
				CLANG_WARN_OBJC_ROOT_CLASS = YES_ERROR;
				CLANG_WARN_RANGE_LOOP_ANALYSIS = YES;
				CLANG_WARN_STRICT_PROTOTYPES = YES;
				CLANG_WARN_SUSPICIOUS_MOVE = YES;
				CLANG_WARN_UNGUARDED_AVAILABILITY = YES_AGGRESSIVE;
				CLANG_WARN_UNREACHABLE_CODE = YES;
				CLANG_WARN__DUPLICATE_METHOD_MATCH = YES;
				COPY_PHASE_STRIP = NO;
				DEBUG_INFORMATION_FORMAT = "dwarf-with-dsym";
				ENABLE_NS_ASSERTIONS = NO;
				ENABLE_STRICT_OBJC_MSGSEND = YES;
				GCC_C_LANGUAGE_STANDARD = gnu11;
				GCC_NO_COMMON_BLOCKS = YES;
				GCC_WARN_64_TO_32_BIT_CONVERSION = YES;
				GCC_WARN_ABOUT_RETURN_TYPE = YES_ERROR;
				GCC_WARN_UNDECLARED_SELECTOR = YES;
				GCC_WARN_UNINITIALIZED_AUTOS = YES_AGGRESSIVE;
				GCC_WARN_UNUSED_FUNCTION = YES;
				GCC_WARN_UNUSED_VARIABLE = YES;
				IPHONEOS_DEPLOYMENT_TARGET = 13.2;
				MTL_ENABLE_DEBUG_INFO = NO;
				MTL_FAST_MATH = YES;
				SDKROOT = iphoneos;
				SWIFT_COMPILATION_MODE = wholemodule;
				SWIFT_OPTIMIZATION_LEVEL = "-O";
				VALIDATE_PRODUCT = YES;
			};
			name = Release;
		};
		39718F112443F3F0002CEE3C /* Debug */ = {
			isa = XCBuildConfiguration;
			baseConfigurationReference = 51CA41D3D299F854D504BC1D /* Pods-STUBase-STU.debug.xcconfig */;
			buildSettings = {
				ASSETCATALOG_COMPILER_APPICON_NAME = AppIcon;
				CODE_SIGN_STYLE = Automatic;
				DEVELOPMENT_ASSET_PATHS = "\"STU/Preview Content\"";
				DEVELOPMENT_TEAM = VPWANFCTRJ;
				ENABLE_PREVIEWS = YES;
				INFOPLIST_FILE = STU/Info.plist;
				IPHONEOS_DEPLOYMENT_TARGET = 13.0;
				LD_RUNPATH_SEARCH_PATHS = (
					"$(inherited)",
					"@executable_path/Frameworks",
				);
				MARKETING_VERSION = 0.1;
				PRODUCT_BUNDLE_IDENTIFIER = com.mcavey.STU;
				PRODUCT_NAME = "$(TARGET_NAME)";
				SWIFT_VERSION = 5.0;
				TARGETED_DEVICE_FAMILY = "1,2";
			};
			name = Debug;
		};
		39718F122443F3F0002CEE3C /* Release */ = {
			isa = XCBuildConfiguration;
			baseConfigurationReference = A2A120A50C9883851764917F /* Pods-STUBase-STU.release.xcconfig */;
			buildSettings = {
				ASSETCATALOG_COMPILER_APPICON_NAME = AppIcon;
				CODE_SIGN_STYLE = Automatic;
				DEVELOPMENT_ASSET_PATHS = "\"STU/Preview Content\"";
				DEVELOPMENT_TEAM = VPWANFCTRJ;
				ENABLE_PREVIEWS = YES;
				INFOPLIST_FILE = STU/Info.plist;
				IPHONEOS_DEPLOYMENT_TARGET = 13.0;
				LD_RUNPATH_SEARCH_PATHS = (
					"$(inherited)",
					"@executable_path/Frameworks",
				);
				MARKETING_VERSION = 0.1;
				PRODUCT_BUNDLE_IDENTIFIER = com.mcavey.STU;
				PRODUCT_NAME = "$(TARGET_NAME)";
				SWIFT_VERSION = 5.0;
				TARGETED_DEVICE_FAMILY = "1,2";
			};
			name = Release;
		};
		39718F142443F3F0002CEE3C /* Debug */ = {
			isa = XCBuildConfiguration;
			baseConfigurationReference = C2C80DC3079BBE5EE0290E09 /* Pods-STUTests.debug.xcconfig */;
			buildSettings = {
				ALWAYS_EMBED_SWIFT_STANDARD_LIBRARIES = "$(inherited)";
				BUNDLE_LOADER = "$(TEST_HOST)";
				CODE_SIGN_STYLE = Automatic;
				DEVELOPMENT_TEAM = 6VKP38H23M;
				INFOPLIST_FILE = STUTests/Info.plist;
				IPHONEOS_DEPLOYMENT_TARGET = 13.2;
				LD_RUNPATH_SEARCH_PATHS = (
					"$(inherited)",
					"@executable_path/Frameworks",
					"@loader_path/Frameworks",
				);
				PRODUCT_BUNDLE_IDENTIFIER = com.mcavey.john.STUTests;
				PRODUCT_NAME = "$(TARGET_NAME)";
				SWIFT_VERSION = 5.0;
				TARGETED_DEVICE_FAMILY = "1,2";
				TEST_HOST = "$(BUILT_PRODUCTS_DIR)/STU.app/STU";
			};
			name = Debug;
		};
		39718F152443F3F0002CEE3C /* Release */ = {
			isa = XCBuildConfiguration;
			baseConfigurationReference = 66641F50F8B3294573727345 /* Pods-STUTests.release.xcconfig */;
			buildSettings = {
				ALWAYS_EMBED_SWIFT_STANDARD_LIBRARIES = "$(inherited)";
				BUNDLE_LOADER = "$(TEST_HOST)";
				CODE_SIGN_STYLE = Automatic;
				DEVELOPMENT_TEAM = 6VKP38H23M;
				INFOPLIST_FILE = STUTests/Info.plist;
				IPHONEOS_DEPLOYMENT_TARGET = 13.2;
				LD_RUNPATH_SEARCH_PATHS = (
					"$(inherited)",
					"@executable_path/Frameworks",
					"@loader_path/Frameworks",
				);
				PRODUCT_BUNDLE_IDENTIFIER = com.mcavey.john.STUTests;
				PRODUCT_NAME = "$(TARGET_NAME)";
				SWIFT_VERSION = 5.0;
				TARGETED_DEVICE_FAMILY = "1,2";
				TEST_HOST = "$(BUILT_PRODUCTS_DIR)/STU.app/STU";
			};
			name = Release;
		};
		39718F172443F3F0002CEE3C /* Debug */ = {
			isa = XCBuildConfiguration;
			baseConfigurationReference = 75302CE8652CA09C090C27B9 /* Pods-STUUITests.debug.xcconfig */;
			buildSettings = {
				ALWAYS_EMBED_SWIFT_STANDARD_LIBRARIES = "$(inherited)";
				CODE_SIGN_STYLE = Automatic;
				DEVELOPMENT_TEAM = 6VKP38H23M;
				INFOPLIST_FILE = STUUITests/Info.plist;
				LD_RUNPATH_SEARCH_PATHS = (
					"$(inherited)",
					"@executable_path/Frameworks",
					"@loader_path/Frameworks",
				);
				PRODUCT_BUNDLE_IDENTIFIER = com.mcavey.john.STUUITests;
				PRODUCT_NAME = "$(TARGET_NAME)";
				SWIFT_VERSION = 5.0;
				TARGETED_DEVICE_FAMILY = "1,2";
				TEST_TARGET_NAME = STU;
			};
			name = Debug;
		};
		39718F182443F3F0002CEE3C /* Release */ = {
			isa = XCBuildConfiguration;
			baseConfigurationReference = 1B48E20146FB5E5271563861 /* Pods-STUUITests.release.xcconfig */;
			buildSettings = {
				ALWAYS_EMBED_SWIFT_STANDARD_LIBRARIES = "$(inherited)";
				CODE_SIGN_STYLE = Automatic;
				DEVELOPMENT_TEAM = 6VKP38H23M;
				INFOPLIST_FILE = STUUITests/Info.plist;
				LD_RUNPATH_SEARCH_PATHS = (
					"$(inherited)",
					"@executable_path/Frameworks",
					"@loader_path/Frameworks",
				);
				PRODUCT_BUNDLE_IDENTIFIER = com.mcavey.john.STUUITests;
				PRODUCT_NAME = "$(TARGET_NAME)";
				SWIFT_VERSION = 5.0;
				TARGETED_DEVICE_FAMILY = "1,2";
				TEST_TARGET_NAME = STU;
			};
			name = Release;
		};
		525E22762454F647006C0711 /* Debug */ = {
			isa = XCBuildConfiguration;
			baseConfigurationReference = E0E37780C49A800E3EFDF8D7 /* Pods-STUBase-STUCore.debug.xcconfig */;
			buildSettings = {
				CLANG_ENABLE_MODULES = YES;
				CODE_SIGN_STYLE = Automatic;
				CURRENT_PROJECT_VERSION = 1;
				DEFINES_MODULE = YES;
				DEVELOPMENT_TEAM = VPWANFCTRJ;
				DYLIB_COMPATIBILITY_VERSION = 1;
				DYLIB_CURRENT_VERSION = 1;
				DYLIB_INSTALL_NAME_BASE = "@rpath";
				INFOPLIST_FILE = STUCore/Info.plist;
				INSTALL_PATH = "$(LOCAL_LIBRARY_DIR)/Frameworks";
				IPHONEOS_DEPLOYMENT_TARGET = 13.4;
				LD_RUNPATH_SEARCH_PATHS = (
					"$(inherited)",
					"@executable_path/Frameworks",
					"@loader_path/Frameworks",
				);
				PRODUCT_BUNDLE_IDENTIFIER = com.mcavey.STUCore;
				PRODUCT_NAME = "$(TARGET_NAME:c99extidentifier)";
				SDKROOT = macosx;
				SKIP_INSTALL = YES;
				SUPPORTED_PLATFORMS = "appletvsimulator iphoneos macosx iphonesimulator appletvos watchos watchsimulator";
				SUPPORTS_TEXT_BASED_API = NO;
				SWIFT_OPTIMIZATION_LEVEL = "-Onone";
				SWIFT_VERSION = 5.0;
				TAPI_VERIFY_MODE = Pedantic;
				TARGETED_DEVICE_FAMILY = "1,2";
				VERSIONING_SYSTEM = "apple-generic";
				VERSION_INFO_PREFIX = "";
			};
			name = Debug;
		};
		525E22772454F647006C0711 /* Release */ = {
			isa = XCBuildConfiguration;
			baseConfigurationReference = 64B2302DE3561AA64A411F3C /* Pods-STUBase-STUCore.release.xcconfig */;
			buildSettings = {
				CLANG_ENABLE_MODULES = YES;
				CODE_SIGN_STYLE = Automatic;
				CURRENT_PROJECT_VERSION = 1;
				DEFINES_MODULE = YES;
				DEVELOPMENT_TEAM = VPWANFCTRJ;
				DYLIB_COMPATIBILITY_VERSION = 1;
				DYLIB_CURRENT_VERSION = 1;
				DYLIB_INSTALL_NAME_BASE = "@rpath";
				GCC_OPTIMIZATION_LEVEL = fast;
				INFOPLIST_FILE = STUCore/Info.plist;
				INSTALL_PATH = "$(LOCAL_LIBRARY_DIR)/Frameworks";
				IPHONEOS_DEPLOYMENT_TARGET = 13.4;
				LD_RUNPATH_SEARCH_PATHS = (
					"$(inherited)",
					"@executable_path/Frameworks",
					"@loader_path/Frameworks",
				);
				PRODUCT_BUNDLE_IDENTIFIER = com.mcavey.STUCore;
				PRODUCT_NAME = "$(TARGET_NAME:c99extidentifier)";
				SDKROOT = macosx;
				SKIP_INSTALL = YES;
				SUPPORTED_PLATFORMS = "appletvsimulator iphoneos macosx iphonesimulator appletvos watchos watchsimulator";
				SUPPORTS_TEXT_BASED_API = NO;
				SWIFT_VERSION = 5.0;
				TAPI_VERIFY_MODE = Pedantic;
				TARGETED_DEVICE_FAMILY = "1,2";
				VERSIONING_SYSTEM = "apple-generic";
				VERSION_INFO_PREFIX = "";
			};
			name = Release;
		};
		525E22782454F647006C0711 /* Debug */ = {
			isa = XCBuildConfiguration;
			baseConfigurationReference = 53BBD709F7E5B342D5BB41B4 /* Pods-STUCoreTests.debug.xcconfig */;
			buildSettings = {
				ALWAYS_EMBED_SWIFT_STANDARD_LIBRARIES = "$(inherited)";
				CODE_SIGN_STYLE = Automatic;
				DEVELOPMENT_TEAM = VPWANFCTRJ;
				INFOPLIST_FILE = STUCoreTests/Info.plist;
				IPHONEOS_DEPLOYMENT_TARGET = 13.4;
				LD_RUNPATH_SEARCH_PATHS = (
					"$(inherited)",
					"@executable_path/Frameworks",
					"@loader_path/Frameworks",
				);
				PRODUCT_BUNDLE_IDENTIFIER = com.mcavey.STUCoreTests;
				PRODUCT_NAME = "$(TARGET_NAME)";
				SUPPORTED_PLATFORMS = "iphonesimulator iphoneos macosx watchos appletvsimulator appletvos watchsimulator";
				SWIFT_VERSION = 5.0;
				TARGETED_DEVICE_FAMILY = "1,2";
			};
			name = Debug;
		};
		525E22792454F647006C0711 /* Release */ = {
			isa = XCBuildConfiguration;
			baseConfigurationReference = 8C520FF180F294437824EB31 /* Pods-STUCoreTests.release.xcconfig */;
			buildSettings = {
				ALWAYS_EMBED_SWIFT_STANDARD_LIBRARIES = "$(inherited)";
				CODE_SIGN_STYLE = Automatic;
				DEVELOPMENT_TEAM = VPWANFCTRJ;
				INFOPLIST_FILE = STUCoreTests/Info.plist;
				IPHONEOS_DEPLOYMENT_TARGET = 13.4;
				LD_RUNPATH_SEARCH_PATHS = (
					"$(inherited)",
					"@executable_path/Frameworks",
					"@loader_path/Frameworks",
				);
				PRODUCT_BUNDLE_IDENTIFIER = com.mcavey.STUCoreTests;
				PRODUCT_NAME = "$(TARGET_NAME)";
				SUPPORTED_PLATFORMS = "iphonesimulator iphoneos macosx watchos appletvsimulator appletvos watchsimulator";
				SWIFT_VERSION = 5.0;
				TARGETED_DEVICE_FAMILY = "1,2";
			};
			name = Release;
		};
/* End XCBuildConfiguration section */

/* Begin XCConfigurationList section */
		39718EDE2443F3DD002CEE3C /* Build configuration list for PBXProject "STU" */ = {
			isa = XCConfigurationList;
			buildConfigurations = (
				39718F0E2443F3F0002CEE3C /* Debug */,
				39718F0F2443F3F0002CEE3C /* Release */,
			);
			defaultConfigurationIsVisible = 0;
			defaultConfigurationName = Release;
		};
		39718F102443F3F0002CEE3C /* Build configuration list for PBXNativeTarget "STU" */ = {
			isa = XCConfigurationList;
			buildConfigurations = (
				39718F112443F3F0002CEE3C /* Debug */,
				39718F122443F3F0002CEE3C /* Release */,
			);
			defaultConfigurationIsVisible = 0;
			defaultConfigurationName = Release;
		};
		39718F132443F3F0002CEE3C /* Build configuration list for PBXNativeTarget "STUTests" */ = {
			isa = XCConfigurationList;
			buildConfigurations = (
				39718F142443F3F0002CEE3C /* Debug */,
				39718F152443F3F0002CEE3C /* Release */,
			);
			defaultConfigurationIsVisible = 0;
			defaultConfigurationName = Release;
		};
		39718F162443F3F0002CEE3C /* Build configuration list for PBXNativeTarget "STUUITests" */ = {
			isa = XCConfigurationList;
			buildConfigurations = (
				39718F172443F3F0002CEE3C /* Debug */,
				39718F182443F3F0002CEE3C /* Release */,
			);
			defaultConfigurationIsVisible = 0;
			defaultConfigurationName = Release;
		};
		525E227A2454F647006C0711 /* Build configuration list for PBXNativeTarget "STUCore" */ = {
			isa = XCConfigurationList;
			buildConfigurations = (
				525E22762454F647006C0711 /* Debug */,
				525E22772454F647006C0711 /* Release */,
			);
			defaultConfigurationIsVisible = 0;
			defaultConfigurationName = Release;
		};
		525E227B2454F647006C0711 /* Build configuration list for PBXNativeTarget "STUCoreTests" */ = {
			isa = XCConfigurationList;
			buildConfigurations = (
				525E22782454F647006C0711 /* Debug */,
				525E22792454F647006C0711 /* Release */,
			);
			defaultConfigurationIsVisible = 0;
			defaultConfigurationName = Release;
		};
/* End XCConfigurationList section */

/* Begin XCVersionGroup section */
		39718EEA2443F3DD002CEE3C /* STU.xcdatamodeld */ = {
			isa = XCVersionGroup;
			children = (
				39718EEB2443F3DD002CEE3C /* STU.xcdatamodel */,
			);
			currentVersion = 39718EEB2443F3DD002CEE3C /* STU.xcdatamodel */;
			path = STU.xcdatamodeld;
			sourceTree = "<group>";
			versionGroupType = wrapper.xcdatamodel;
		};
		524A5F7D246145DA00F8912E /* Graph.xcdatamodeld */ = {
			isa = XCVersionGroup;
			children = (
				524A5F7E246145DA00F8912E /* Graph.xcdatamodel */,
			);
			currentVersion = 524A5F7E246145DA00F8912E /* Graph.xcdatamodel */;
			path = Graph.xcdatamodeld;
			sourceTree = "<group>";
			versionGroupType = wrapper.xcdatamodel;
		};
/* End XCVersionGroup section */
	};
	rootObject = 39718EDB2443F3DD002CEE3C /* Project object */;
}
